<?xml version="1.0" encoding="utf-8"?>
<Project ToolsVersion="4.0" xmlns="http://schemas.microsoft.com/developer/msbuild/2003">
  <ItemGroup>
    <Filter Include="Source Files">
      <UniqueIdentifier>{4FC737F1-C7A5-4376-A066-2A32D752A2FF}</UniqueIdentifier>
      <Extensions>cpp;c;cc;cxx;c++;cppm;ixx;def;odl;idl;hpj;bat;asm;asmx</Extensions>
    </Filter>
    <Filter Include="Source Files\AvatarClass">
      <UniqueIdentifier>{21e5fac5-cd7a-452e-875d-83a33f8c93d5}</UniqueIdentifier>
    </Filter>
    <Filter Include="Source Files\BaseEnemyClass">
      <UniqueIdentifier>{3d508375-5913-4357-8e91-51fee953eea4}</UniqueIdentifier>
    </Filter>
    <Filter Include="Source Files\CameraClass">
      <UniqueIdentifier>{d4377e27-c965-441d-81b7-12c2970066a4}</UniqueIdentifier>
    </Filter>
    <Filter Include="Source Files\EnemyManagerClass">
      <UniqueIdentifier>{f3f82554-793e-48bf-9b8f-d36ac378f93e}</UniqueIdentifier>
    </Filter>
    <Filter Include="Source Files\GameClass">
      <UniqueIdentifier>{4f3eb917-c3c3-4145-80b4-11cbdba5fcbd}</UniqueIdentifier>
    </Filter>
    <Filter Include="Source Files\GroundObjectClass">
      <UniqueIdentifier>{e1e65e96-c26d-4598-a157-929bfed80d21}</UniqueIdentifier>
    </Filter>
    <Filter Include="Source Files\PlatformClass">
      <UniqueIdentifier>{afa41afc-0253-4cff-a6e2-4a667db5c3de}</UniqueIdentifier>
    </Filter>
    <Filter Include="Source Files\CoinManagerClass">
      <UniqueIdentifier>{aae23cd9-0299-4e63-980c-292c0497f650}</UniqueIdentifier>
    </Filter>
    <Filter Include="Source Files\CoinClass">
      <UniqueIdentifier>{439ea2d0-b1c7-4197-b91c-f309ce4903f0}</UniqueIdentifier>
    </Filter>
    <Filter Include="Source Files\BaseMovingObjectClass">
      <UniqueIdentifier>{449b5c78-c014-4933-98aa-de11b0a3512a}</UniqueIdentifier>
    </Filter>
    <Filter Include="Source Files\EnemyCentipedeClass">
      <UniqueIdentifier>{485f4e17-828a-4fdd-9480-61207f3ff2c6}</UniqueIdentifier>
    </Filter>
    <Filter Include="Source Files\SpikesClass">
      <UniqueIdentifier>{4c7a69ed-a671-4cb2-a568-4031a212edea}</UniqueIdentifier>
    </Filter>
    <Filter Include="Source Files\EnemyDragonflyClass">
      <UniqueIdentifier>{ea9ba08b-67fd-47b0-a010-cf57b6fbf431}</UniqueIdentifier>
    </Filter>
    <Filter Include="Source Files\EnvironmentClass">
      <UniqueIdentifier>{7bedad22-d1e4-4e2b-9717-19a155b65be8}</UniqueIdentifier>
    </Filter>
    <Filter Include="Source Files\LevelClass">
      <UniqueIdentifier>{c8af07d2-9118-4026-82ef-3b3802eb96e8}</UniqueIdentifier>
    </Filter>
    <Filter Include="Source Files\Door Class">
      <UniqueIdentifier>{f616fc2e-de26-4ff3-ae53-9bd12c27a85c}</UniqueIdentifier>
    </Filter>
    <Filter Include="Source Files\DoorManagerClass">
      <UniqueIdentifier>{98c8beb6-10ae-4e95-b26b-b3ae2b062dcf}</UniqueIdentifier>
    </Filter>
    <Filter Include="Source Files\CoinSourceClass">
      <UniqueIdentifier>{abeb11ec-ab9c-454a-bcec-911c20266a3f}</UniqueIdentifier>
    </Filter>
    <Filter Include="Source Files\CoinSourceManagerClass">
      <UniqueIdentifier>{82134e01-1795-4242-8c22-eda823bc10c2}</UniqueIdentifier>
    </Filter>
    <Filter Include="Source Files\BaseManagerClass">
      <UniqueIdentifier>{19c3b7d6-40ef-484a-a4f9-b6c5abbf76bd}</UniqueIdentifier>
    </Filter>
    <Filter Include="Source Files\HUD">
      <UniqueIdentifier>{b370e456-d761-4175-9dfd-00666cec7f09}</UniqueIdentifier>
    </Filter>
    <Filter Include="Source Files\UIClass">
      <UniqueIdentifier>{fa67e5a1-f328-422f-8566-6d31d531c0bf}</UniqueIdentifier>
    </Filter>
  </ItemGroup>
  <ItemGroup>
    <ClCompile Include="main.cpp">
      <Filter>Source Files</Filter>
    </ClCompile>
    <ClCompile Include="pch.cpp">
      <Filter>Source Files</Filter>
    </ClCompile>
    <ClCompile Include="Avatar.cpp">
      <Filter>Source Files\AvatarClass</Filter>
    </ClCompile>
    <ClCompile Include="BaseEnemy.cpp">
      <Filter>Source Files\BaseEnemyClass</Filter>
    </ClCompile>
    <ClCompile Include="Camera.cpp">
      <Filter>Source Files\CameraClass</Filter>
    </ClCompile>
    <ClCompile Include="EnemyCentipede.cpp">
      <Filter>Source Files\EnemyCentipedeClass</Filter>
    </ClCompile>
    <ClCompile Include="EnemyManager.cpp">
      <Filter>Source Files\EnemyManagerClass</Filter>
    </ClCompile>
    <ClCompile Include="Game.cpp">
      <Filter>Source Files\GameClass</Filter>
    </ClCompile>
    <ClCompile Include="GroundObject.cpp">
      <Filter>Source Files\GroundObjectClass</Filter>
    </ClCompile>
    <ClCompile Include="Environment.cpp">
      <Filter>Source Files\EnvironmentClass</Filter>
    </ClCompile>
    <ClCompile Include="Platform.cpp">
      <Filter>Source Files\PlatformClass</Filter>
    </ClCompile>
    <ClCompile Include="BaseMovingObject.cpp">
      <Filter>Source Files\BaseMovingObjectClass</Filter>
    </ClCompile>
    <ClCompile Include="Coin.cpp">
      <Filter>Source Files\CoinClass</Filter>
    </ClCompile>
    <ClCompile Include="Spikes.cpp">
      <Filter>Source Files\SpikesClass</Filter>
    </ClCompile>
    <ClCompile Include="EnemyDragonfly.cpp">
      <Filter>Source Files\EnemyDragonflyClass</Filter>
    </ClCompile>
    <ClCompile Include="Level.cpp">
      <Filter>Source Files\LevelClass</Filter>
    </ClCompile>
    <ClCompile Include="Door.cpp">
      <Filter>Source Files\Door Class</Filter>
    </ClCompile>
    <ClCompile Include="DoorManager.cpp">
      <Filter>Source Files\DoorManagerClass</Filter>
    </ClCompile>
    <ClCompile Include="CoinSource.cpp">
      <Filter>Source Files\CoinSourceClass</Filter>
    </ClCompile>
    <ClCompile Include="CoinSourceManager.cpp">
      <Filter>Source Files\CoinSourceManagerClass</Filter>
    </ClCompile>
    <ClCompile Include="HUD.cpp">
      <Filter>Source Files\HUD</Filter>
    </ClCompile>
    <ClCompile Include="UI.cpp">
      <Filter>Source Files\UIClass</Filter>
    </ClCompile>
    <ClCompile Include="CoinManager.cpp">
      <Filter>Source Files\CoinManagerClass</Filter>
    </ClCompile>
  </ItemGroup>
  <ItemGroup>
    <ClInclude Include="pch.h">
      <Filter>Source Files</Filter>
    </ClInclude>
    <ClInclude Include="BaseEnemy.h">
      <Filter>Source Files\BaseEnemyClass</Filter>
    </ClInclude>
    <ClInclude Include="Camera.h">
      <Filter>Source Files\CameraClass</Filter>
    </ClInclude>
    <ClInclude Include="EnemyCentipede.h">
      <Filter>Source Files\EnemyCentipedeClass</Filter>
    </ClInclude>
    <ClInclude Include="EnemyManager.h">
      <Filter>Source Files\EnemyManagerClass</Filter>
    </ClInclude>
    <ClInclude Include="Game.h">
      <Filter>Source Files\GameClass</Filter>
    </ClInclude>
    <ClInclude Include="GroundObject.h">
      <Filter>Source Files\GroundObjectClass</Filter>
    </ClInclude>
    <ClInclude Include="Environment.h">
      <Filter>Source Files\EnvironmentClass</Filter>
    </ClInclude>
    <ClInclude Include="Platform.h">
      <Filter>Source Files\PlatformClass</Filter>
    </ClInclude>
    <ClInclude Include="Avatar.h">
      <Filter>Source Files\AvatarClass</Filter>
    </ClInclude>
    <ClInclude Include="BaseMovingObject.h">
      <Filter>Source Files\BaseMovingObjectClass</Filter>
    </ClInclude>
    <ClInclude Include="Coin.h">
      <Filter>Source Files\CoinClass</Filter>
    </ClInclude>
    <ClInclude Include="CoinManager.h">
      <Filter>Source Files\CoinManagerClass</Filter>
    </ClInclude>
    <ClInclude Include="Spikes.h">
      <Filter>Source Files\SpikesClass</Filter>
    </ClInclude>
    <ClInclude Include="EnemyDragonfly.h">
      <Filter>Source Files\EnemyDragonflyClass</Filter>
    </ClInclude>
    <ClInclude Include="Level.h">
      <Filter>Source Files\LevelClass</Filter>
    </ClInclude>
    <ClInclude Include="Door.h">
      <Filter>Source Files\Door Class</Filter>
    </ClInclude>
    <ClInclude Include="DoorManager.h">
      <Filter>Source Files\DoorManagerClass</Filter>
    </ClInclude>
    <ClInclude Include="CoinSource.h">
      <Filter>Source Files\CoinSourceClass</Filter>
    </ClInclude>
    <ClInclude Include="CoinSourceManager.h">
      <Filter>Source Files\CoinSourceManagerClass</Filter>
    </ClInclude>
    <ClInclude Include="BaseManager.h">
      <Filter>Source Files\BaseManagerClass</Filter>
    </ClInclude>
    <ClInclude Include="HUD.h">
      <Filter>Source Files\HUD</Filter>
    </ClInclude>
    <ClInclude Include="UI.h">
      <Filter>Source Files\UIClass</Filter>
    </ClInclude>
  </ItemGroup>
</Project>