<?xml version="1.0" encoding="utf-8"?>
<Project ToolsVersion="4.0" xmlns="http://schemas.microsoft.com/developer/msbuild/2003">
  <ItemGroup>
    <Filter Include="Source Files">
      <UniqueIdentifier>{4FC737F1-C7A5-4376-A066-2A32D752A2FF}</UniqueIdentifier>
      <Extensions>cpp;c;cc;cxx;c++;cppm;ixx;def;odl;idl;hpj;bat;asm;asmx</Extensions>
    </Filter>
  </ItemGroup>
  <ItemGroup>
    <ClCompile Include="Game.cpp">
      <Filter>Source Files</Filter>
    </ClCompile>
    <ClCompile Include="main.cpp">
      <Filter>Source Files</Filter>
    </ClCompile>
    <ClCompile Include="pch.cpp">
      <Filter>Source Files</Filter>
    </ClCompile>
    <ClCompile Include="Avatar.cpp">
      <Filter>Source Files</Filter>
    </ClCompile>
    <ClCompile Include="Camera.cpp">
      <Filter>Source Files</Filter>
    </ClCompile>
    <ClCompile Include="HUD.cpp">
      <Filter>Source Files</Filter>
    </ClCompile>
    <ClCompile Include="Level.cpp">
      <Filter>Source Files</Filter>
    </ClCompile>
    <ClCompile Include="Platform.cpp">
      <Filter>Source Files</Filter>
    </ClCompile>
    <ClCompile Include="EnemyManager.cpp">
      <Filter>Source Files</Filter>
    </ClCompile>
    <ClCompile Include="BaseEnemy.cpp">
      <Filter>Source Files</Filter>
    </ClCompile>
    <ClCompile Include="EnemyCentipede.cpp">
      <Filter>Source Files</Filter>
    </ClCompile>
    <ClCompile Include="BaseMovingObject.cpp">
      <Filter>Source Files</Filter>
    </ClCompile>
  </ItemGroup>
  <ItemGroup>
    <ClInclude Include="Avatar.h">
      <Filter>Source Files</Filter>
    </ClInclude>
    <ClInclude Include="Camera.h">
      <Filter>Source Files</Filter>
    </ClInclude>
    <ClInclude Include="Game.h">
      <Filter>Source Files</Filter>
    </ClInclude>
    <ClInclude Include="HUD.h">
      <Filter>Source Files</Filter>
    </ClInclude>
    <ClInclude Include="Level.h">
      <Filter>Source Files</Filter>
    </ClInclude>
    <ClInclude Include="pch.h">
      <Filter>Source Files</Filter>
    </ClInclude>
    <ClInclude Include="Platform.h">
      <Filter>Source Files</Filter>
    </ClInclude>
    <ClInclude Include="EnemyManager.h">
      <Filter>Source Files</Filter>
    </ClInclude>
    <ClInclude Include="BaseEnemy.h">
      <Filter>Source Files</Filter>
    </ClInclude>
    <ClInclude Include="EnemyCentipede.h">
      <Filter>Source Files</Filter>
    </ClInclude>
    <ClInclude Include="BaseMovingObject.h">
      <Filter>Source Files</Filter>
    </ClInclude>
  </ItemGroup>
</Project>